Microsoft Visual Studio Solution File, Format Version 7.00
Project("{8BC9CEB8-8B4A-11D0-8D11-00A0C91BC942}") = "SciLexer", "SciLexer.vcproj", "{C08A9DF3-EDEF-465C-B52B-648B5A69F944}"
EndProject
Global
	GlobalSection(SolutionConfiguration) = preSolution
		ConfigName.0 = Debug
		ConfigName.1 = Release
	EndGlobalSection
	GlobalSection(ProjectDependencies) = postSolution
	EndGlobalSection
	GlobalSection(ProjectConfiguration) = postSolution
		{C08A9DF3-EDEF-465C-B52B-648B5A69F944}.Debug.ActiveCfg = Debug|Win32
		{C08A9DF3-EDEF-465C-B52B-648B5A69F944}.Debug.Build.0 = Debug|Win32
		{C08A9DF3-EDEF-465C-B52B-648B5A69F944}.Release.ActiveCfg = Release|Win32
		{C08A9DF3-EDEF-465C-B52B-648B5A69F944}.Release.Build.0 = Release|Win32
	EndGlobalSection
	GlobalSection(ExtensibilityGlobals) = postSolution
	EndGlobalSection
	GlobalSection(ExtensibilityAddIns) = postSolution
	EndGlobalSection
EndGlobal
